
Microsoft Visual Studio Solution File, Format Version 12.00
# Visual Studio 15
VisualStudioVersion = 15.0.25618.0
MinimumVisualStudioVersion = 10.0.40219.1
Project("{8BC9CEB8-8B4A-11D0-8D11-00A0C91BC942}") = "Vitya in the Countryside", "Vitya in the Countryside\Vitya in the Countryside.vcxproj", "{1A2CE5B7-6F47-4C8A-8C8C-902FB4A342BA}"
EndProject
Project("{8BC9CEB8-8B4A-11D0-8D11-00A0C91BC942}") = "Efim and Strange Grade", "Efim and Strange Grade\Efim and Strange Grade.vcxproj", "{F115F711-5EC6-4B02-AFA1-003B12DA2143}"
EndProject
Project("{8BC9CEB8-8B4A-11D0-8D11-00A0C91BC942}") = "Anatoly and Cockroaches", "Anatoly and Cockroaches\Anatoly and Cockroaches.vcxproj", "{B773FEAD-99AF-4208-AEE2-D328B8330FAF}"
EndProject
Project("{8BC9CEB8-8B4A-11D0-8D11-00A0C91BC942}") = "Sasha and Array", "Sasha and Array\Sasha and Array.vcxproj", "{04B18908-CE9A-4791-9239-CB1BACA6F4E1}"
EndProject
Global
	GlobalSection(SolutionConfigurationPlatforms) = preSolution
		Debug|x64 = Debug|x64
		Debug|x86 = Debug|x86
		Release|x64 = Release|x64
		Release|x86 = Release|x86
	EndGlobalSection
	GlobalSection(ProjectConfigurationPlatforms) = postSolution
		{1A2CE5B7-6F47-4C8A-8C8C-902FB4A342BA}.Debug|x64.ActiveCfg = Debug|x64
		{1A2CE5B7-6F47-4C8A-8C8C-902FB4A342BA}.Debug|x64.Build.0 = Debug|x64
		{1A2CE5B7-6F47-4C8A-8C8C-902FB4A342BA}.Debug|x86.ActiveCfg = Debug|Win32
		{1A2CE5B7-6F47-4C8A-8C8C-902FB4A342BA}.Debug|x86.Build.0 = Debug|Win32
		{1A2CE5B7-6F47-4C8A-8C8C-902FB4A342BA}.Release|x64.ActiveCfg = Release|x64
		{1A2CE5B7-6F47-4C8A-8C8C-902FB4A342BA}.Release|x64.Build.0 = Release|x64
		{1A2CE5B7-6F47-4C8A-8C8C-902FB4A342BA}.Release|x86.ActiveCfg = Release|Win32
		{1A2CE5B7-6F47-4C8A-8C8C-902FB4A342BA}.Release|x86.Build.0 = Release|Win32
		{F115F711-5EC6-4B02-AFA1-003B12DA2143}.Debug|x64.ActiveCfg = Debug|x64
		{F115F711-5EC6-4B02-AFA1-003B12DA2143}.Debug|x64.Build.0 = Debug|x64
		{F115F711-5EC6-4B02-AFA1-003B12DA2143}.Debug|x86.ActiveCfg = Debug|Win32
		{F115F711-5EC6-4B02-AFA1-003B12DA2143}.Debug|x86.Build.0 = Debug|Win32
		{F115F711-5EC6-4B02-AFA1-003B12DA2143}.Release|x64.ActiveCfg = Release|x64
		{F115F711-5EC6-4B02-AFA1-003B12DA2143}.Release|x64.Build.0 = Release|x64
		{F115F711-5EC6-4B02-AFA1-003B12DA2143}.Release|x86.ActiveCfg = Release|Win32
		{F115F711-5EC6-4B02-AFA1-003B12DA2143}.Release|x86.Build.0 = Release|Win32
		{B773FEAD-99AF-4208-AEE2-D328B8330FAF}.Debug|x64.ActiveCfg = Debug|x64
		{B773FEAD-99AF-4208-AEE2-D328B8330FAF}.Debug|x64.Build.0 = Debug|x64
		{B773FEAD-99AF-4208-AEE2-D328B8330FAF}.Debug|x86.ActiveCfg = Debug|Win32
		{B773FEAD-99AF-4208-AEE2-D328B8330FAF}.Debug|x86.Build.0 = Debug|Win32
		{B773FEAD-99AF-4208-AEE2-D328B8330FAF}.Release|x64.ActiveCfg = Release|x64
		{B773FEAD-99AF-4208-AEE2-D328B8330FAF}.Release|x64.Build.0 = Release|x64
		{B773FEAD-99AF-4208-AEE2-D328B8330FAF}.Release|x86.ActiveCfg = Release|Win32
		{B773FEAD-99AF-4208-AEE2-D328B8330FAF}.Release|x86.Build.0 = Release|Win32
		{04B18908-CE9A-4791-9239-CB1BACA6F4E1}.Debug|x64.ActiveCfg = Debug|x64
		{04B18908-CE9A-4791-9239-CB1BACA6F4E1}.Debug|x64.Build.0 = Debug|x64
		{04B18908-CE9A-4791-9239-CB1BACA6F4E1}.Debug|x86.ActiveCfg = Debug|Win32
		{04B18908-CE9A-4791-9239-CB1BACA6F4E1}.Debug|x86.Build.0 = Debug|Win32
		{04B18908-CE9A-4791-9239-CB1BACA6F4E1}.Release|x64.ActiveCfg = Release|x64
		{04B18908-CE9A-4791-9239-CB1BACA6F4E1}.Release|x64.Build.0 = Release|x64
		{04B18908-CE9A-4791-9239-CB1BACA6F4E1}.Release|x86.ActiveCfg = Release|Win32
		{04B18908-CE9A-4791-9239-CB1BACA6F4E1}.Release|x86.Build.0 = Release|Win32
	EndGlobalSection
	GlobalSection(SolutionProperties) = preSolution
		HideSolutionNode = FALSE
	EndGlobalSection
EndGlobal
