
Microsoft Visual Studio Solution File, Format Version 12.00
# Visual Studio 14
VisualStudioVersion = 14.0.23107.0
MinimumVisualStudioVersion = 10.0.40219.1
Project("{8BC9CEB8-8B4A-11D0-8D11-00A0C91BC942}") = "A. Multiplication Table", "A. Multiplication Table\A. Multiplication Table.vcxproj", "{F07FE4D9-D4A1-4AD0-BF09-E416A06F9EDE}"
EndProject
Project("{FAE04EC0-301F-11D3-BF4B-00C04F79EFBC}") = "B. Modulo Sum", "B. Modulo Sum\B. Modulo Sum.csproj", "{2FB24E12-95CD-46F9-A1FB-6E70B27642E4}"
EndProject
Project("{8BC9CEB8-8B4A-11D0-8D11-00A0C91BC942}") = "E. CNF 2", "E. CNF 2\E. CNF 2.vcxproj", "{11D89090-B82D-4E67-97F0-E94C6EF73EC0}"
EndProject
Global
	GlobalSection(SolutionConfigurationPlatforms) = preSolution
		Debug|Any CPU = Debug|Any CPU
		Debug|x64 = Debug|x64
		Debug|x86 = Debug|x86
		Release|Any CPU = Release|Any CPU
		Release|x64 = Release|x64
		Release|x86 = Release|x86
	EndGlobalSection
	GlobalSection(ProjectConfigurationPlatforms) = postSolution
		{F07FE4D9-D4A1-4AD0-BF09-E416A06F9EDE}.Debug|Any CPU.ActiveCfg = Debug|Win32
		{F07FE4D9-D4A1-4AD0-BF09-E416A06F9EDE}.Debug|x64.ActiveCfg = Debug|x64
		{F07FE4D9-D4A1-4AD0-BF09-E416A06F9EDE}.Debug|x64.Build.0 = Debug|x64
		{F07FE4D9-D4A1-4AD0-BF09-E416A06F9EDE}.Debug|x86.ActiveCfg = Debug|Win32
		{F07FE4D9-D4A1-4AD0-BF09-E416A06F9EDE}.Debug|x86.Build.0 = Debug|Win32
		{F07FE4D9-D4A1-4AD0-BF09-E416A06F9EDE}.Release|Any CPU.ActiveCfg = Release|Win32
		{F07FE4D9-D4A1-4AD0-BF09-E416A06F9EDE}.Release|x64.ActiveCfg = Release|x64
		{F07FE4D9-D4A1-4AD0-BF09-E416A06F9EDE}.Release|x64.Build.0 = Release|x64
		{F07FE4D9-D4A1-4AD0-BF09-E416A06F9EDE}.Release|x86.ActiveCfg = Release|Win32
		{F07FE4D9-D4A1-4AD0-BF09-E416A06F9EDE}.Release|x86.Build.0 = Release|Win32
		{2FB24E12-95CD-46F9-A1FB-6E70B27642E4}.Debug|Any CPU.ActiveCfg = Debug|Any CPU
		{2FB24E12-95CD-46F9-A1FB-6E70B27642E4}.Debug|Any CPU.Build.0 = Debug|Any CPU
		{2FB24E12-95CD-46F9-A1FB-6E70B27642E4}.Debug|x64.ActiveCfg = Debug|Any CPU
		{2FB24E12-95CD-46F9-A1FB-6E70B27642E4}.Debug|x64.Build.0 = Debug|Any CPU
		{2FB24E12-95CD-46F9-A1FB-6E70B27642E4}.Debug|x86.ActiveCfg = Debug|Any CPU
		{2FB24E12-95CD-46F9-A1FB-6E70B27642E4}.Debug|x86.Build.0 = Debug|Any CPU
		{2FB24E12-95CD-46F9-A1FB-6E70B27642E4}.Release|Any CPU.ActiveCfg = Release|Any CPU
		{2FB24E12-95CD-46F9-A1FB-6E70B27642E4}.Release|Any CPU.Build.0 = Release|Any CPU
		{2FB24E12-95CD-46F9-A1FB-6E70B27642E4}.Release|x64.ActiveCfg = Release|Any CPU
		{2FB24E12-95CD-46F9-A1FB-6E70B27642E4}.Release|x64.Build.0 = Release|Any CPU
		{2FB24E12-95CD-46F9-A1FB-6E70B27642E4}.Release|x86.ActiveCfg = Release|Any CPU
		{2FB24E12-95CD-46F9-A1FB-6E70B27642E4}.Release|x86.Build.0 = Release|Any CPU
		{11D89090-B82D-4E67-97F0-E94C6EF73EC0}.Debug|Any CPU.ActiveCfg = Debug|Win32
		{11D89090-B82D-4E67-97F0-E94C6EF73EC0}.Debug|x64.ActiveCfg = Debug|x64
		{11D89090-B82D-4E67-97F0-E94C6EF73EC0}.Debug|x64.Build.0 = Debug|x64
		{11D89090-B82D-4E67-97F0-E94C6EF73EC0}.Debug|x86.ActiveCfg = Debug|Win32
		{11D89090-B82D-4E67-97F0-E94C6EF73EC0}.Debug|x86.Build.0 = Debug|Win32
		{11D89090-B82D-4E67-97F0-E94C6EF73EC0}.Release|Any CPU.ActiveCfg = Release|Win32
		{11D89090-B82D-4E67-97F0-E94C6EF73EC0}.Release|x64.ActiveCfg = Release|x64
		{11D89090-B82D-4E67-97F0-E94C6EF73EC0}.Release|x64.Build.0 = Release|x64
		{11D89090-B82D-4E67-97F0-E94C6EF73EC0}.Release|x86.ActiveCfg = Release|Win32
		{11D89090-B82D-4E67-97F0-E94C6EF73EC0}.Release|x86.Build.0 = Release|Win32
	EndGlobalSection
	GlobalSection(SolutionProperties) = preSolution
		HideSolutionNode = FALSE
	EndGlobalSection
EndGlobal
