
Microsoft Visual Studio Solution File, Format Version 12.00
# Visual Studio 14
VisualStudioVersion = 14.0.23107.0
MinimumVisualStudioVersion = 10.0.40219.1
Project("{FAE04EC0-301F-11D3-BF4B-00C04F79EFBC}") = "A. Music", "A. Music\A. Music.csproj", "{CEB5CB02-C77B-47C4-92C2-0C56CB521A05}"
EndProject
Project("{FAE04EC0-301F-11D3-BF4B-00C04F79EFBC}") = "B. Inventory", "B. Inventory\B. Inventory.csproj", "{CA683EA5-724C-4269-BBF6-FE4144F551CA}"
EndProject
Global
	GlobalSection(SolutionConfigurationPlatforms) = preSolution
		Debug|Any CPU = Debug|Any CPU
		Release|Any CPU = Release|Any CPU
	EndGlobalSection
	GlobalSection(ProjectConfigurationPlatforms) = postSolution
		{CEB5CB02-C77B-47C4-92C2-0C56CB521A05}.Debug|Any CPU.ActiveCfg = Debug|Any CPU
		{CEB5CB02-C77B-47C4-92C2-0C56CB521A05}.Debug|Any CPU.Build.0 = Debug|Any CPU
		{CEB5CB02-C77B-47C4-92C2-0C56CB521A05}.Release|Any CPU.ActiveCfg = Release|Any CPU
		{CEB5CB02-C77B-47C4-92C2-0C56CB521A05}.Release|Any CPU.Build.0 = Release|Any CPU
		{CA683EA5-724C-4269-BBF6-FE4144F551CA}.Debug|Any CPU.ActiveCfg = Debug|Any CPU
		{CA683EA5-724C-4269-BBF6-FE4144F551CA}.Debug|Any CPU.Build.0 = Debug|Any CPU
		{CA683EA5-724C-4269-BBF6-FE4144F551CA}.Release|Any CPU.ActiveCfg = Release|Any CPU
		{CA683EA5-724C-4269-BBF6-FE4144F551CA}.Release|Any CPU.Build.0 = Release|Any CPU
	EndGlobalSection
	GlobalSection(SolutionProperties) = preSolution
		HideSolutionNode = FALSE
	EndGlobalSection
EndGlobal
