
Microsoft Visual Studio Solution File, Format Version 12.00
# Visual Studio 14
VisualStudioVersion = 14.0.23107.0
MinimumVisualStudioVersion = 10.0.40219.1
Project("{FAE04EC0-301F-11D3-BF4B-00C04F79EFBC}") = "A. Music", "A. Music\A. Music.csproj", "{CEB5CB02-C77B-47C4-92C2-0C56CB521A05}"
EndProject
Project("{FAE04EC0-301F-11D3-BF4B-00C04F79EFBC}") = "B. Inventory", "B. Inventory\B. Inventory.csproj", "{CA683EA5-724C-4269-BBF6-FE4144F551CA}"
EndProject
Project("{FAE04EC0-301F-11D3-BF4B-00C04F79EFBC}") = "C. Primes or Palindromes", "C. Primes or Palindromes\C. Primes or Palindromes.csproj", "{CFF74FAA-1C76-4632-987A-AB7304DC07F5}"
EndProject
Project("{8BC9CEB8-8B4A-11D0-8D11-00A0C91BC942}") = "D. Symmetric and Transitive", "D. Symmetric and Transitive\D. Symmetric and Transitive.vcxproj", "{D48E08B3-3732-4978-A698-24BF8590A3A8}"
EndProject
Project("{8BC9CEB8-8B4A-11D0-8D11-00A0C91BC942}") = "E. New Language", "E. New Language\E. New Language.vcxproj", "{B627153F-C90B-4F87-930C-7F3F89CFCFBA}"
EndProject
Global
	GlobalSection(SolutionConfigurationPlatforms) = preSolution
		Debug|Any CPU = Debug|Any CPU
		Debug|x64 = Debug|x64
		Debug|x86 = Debug|x86
		Release|Any CPU = Release|Any CPU
		Release|x64 = Release|x64
		Release|x86 = Release|x86
	EndGlobalSection
	GlobalSection(ProjectConfigurationPlatforms) = postSolution
		{CEB5CB02-C77B-47C4-92C2-0C56CB521A05}.Debug|Any CPU.ActiveCfg = Debug|Any CPU
		{CEB5CB02-C77B-47C4-92C2-0C56CB521A05}.Debug|Any CPU.Build.0 = Debug|Any CPU
		{CEB5CB02-C77B-47C4-92C2-0C56CB521A05}.Debug|x64.ActiveCfg = Debug|Any CPU
		{CEB5CB02-C77B-47C4-92C2-0C56CB521A05}.Debug|x64.Build.0 = Debug|Any CPU
		{CEB5CB02-C77B-47C4-92C2-0C56CB521A05}.Debug|x86.ActiveCfg = Debug|Any CPU
		{CEB5CB02-C77B-47C4-92C2-0C56CB521A05}.Debug|x86.Build.0 = Debug|Any CPU
		{CEB5CB02-C77B-47C4-92C2-0C56CB521A05}.Release|Any CPU.ActiveCfg = Release|Any CPU
		{CEB5CB02-C77B-47C4-92C2-0C56CB521A05}.Release|Any CPU.Build.0 = Release|Any CPU
		{CEB5CB02-C77B-47C4-92C2-0C56CB521A05}.Release|x64.ActiveCfg = Release|Any CPU
		{CEB5CB02-C77B-47C4-92C2-0C56CB521A05}.Release|x64.Build.0 = Release|Any CPU
		{CEB5CB02-C77B-47C4-92C2-0C56CB521A05}.Release|x86.ActiveCfg = Release|Any CPU
		{CEB5CB02-C77B-47C4-92C2-0C56CB521A05}.Release|x86.Build.0 = Release|Any CPU
		{CA683EA5-724C-4269-BBF6-FE4144F551CA}.Debug|Any CPU.ActiveCfg = Debug|Any CPU
		{CA683EA5-724C-4269-BBF6-FE4144F551CA}.Debug|Any CPU.Build.0 = Debug|Any CPU
		{CA683EA5-724C-4269-BBF6-FE4144F551CA}.Debug|x64.ActiveCfg = Debug|Any CPU
		{CA683EA5-724C-4269-BBF6-FE4144F551CA}.Debug|x64.Build.0 = Debug|Any CPU
		{CA683EA5-724C-4269-BBF6-FE4144F551CA}.Debug|x86.ActiveCfg = Debug|Any CPU
		{CA683EA5-724C-4269-BBF6-FE4144F551CA}.Debug|x86.Build.0 = Debug|Any CPU
		{CA683EA5-724C-4269-BBF6-FE4144F551CA}.Release|Any CPU.ActiveCfg = Release|Any CPU
		{CA683EA5-724C-4269-BBF6-FE4144F551CA}.Release|Any CPU.Build.0 = Release|Any CPU
		{CA683EA5-724C-4269-BBF6-FE4144F551CA}.Release|x64.ActiveCfg = Release|Any CPU
		{CA683EA5-724C-4269-BBF6-FE4144F551CA}.Release|x64.Build.0 = Release|Any CPU
		{CA683EA5-724C-4269-BBF6-FE4144F551CA}.Release|x86.ActiveCfg = Release|Any CPU
		{CA683EA5-724C-4269-BBF6-FE4144F551CA}.Release|x86.Build.0 = Release|Any CPU
		{CFF74FAA-1C76-4632-987A-AB7304DC07F5}.Debug|Any CPU.ActiveCfg = Debug|Any CPU
		{CFF74FAA-1C76-4632-987A-AB7304DC07F5}.Debug|Any CPU.Build.0 = Debug|Any CPU
		{CFF74FAA-1C76-4632-987A-AB7304DC07F5}.Debug|x64.ActiveCfg = Debug|Any CPU
		{CFF74FAA-1C76-4632-987A-AB7304DC07F5}.Debug|x64.Build.0 = Debug|Any CPU
		{CFF74FAA-1C76-4632-987A-AB7304DC07F5}.Debug|x86.ActiveCfg = Debug|Any CPU
		{CFF74FAA-1C76-4632-987A-AB7304DC07F5}.Debug|x86.Build.0 = Debug|Any CPU
		{CFF74FAA-1C76-4632-987A-AB7304DC07F5}.Release|Any CPU.ActiveCfg = Release|Any CPU
		{CFF74FAA-1C76-4632-987A-AB7304DC07F5}.Release|Any CPU.Build.0 = Release|Any CPU
		{CFF74FAA-1C76-4632-987A-AB7304DC07F5}.Release|x64.ActiveCfg = Release|Any CPU
		{CFF74FAA-1C76-4632-987A-AB7304DC07F5}.Release|x64.Build.0 = Release|Any CPU
		{CFF74FAA-1C76-4632-987A-AB7304DC07F5}.Release|x86.ActiveCfg = Release|Any CPU
		{CFF74FAA-1C76-4632-987A-AB7304DC07F5}.Release|x86.Build.0 = Release|Any CPU
		{D48E08B3-3732-4978-A698-24BF8590A3A8}.Debug|Any CPU.ActiveCfg = Debug|Win32
		{D48E08B3-3732-4978-A698-24BF8590A3A8}.Debug|x64.ActiveCfg = Debug|x64
		{D48E08B3-3732-4978-A698-24BF8590A3A8}.Debug|x64.Build.0 = Debug|x64
		{D48E08B3-3732-4978-A698-24BF8590A3A8}.Debug|x86.ActiveCfg = Debug|Win32
		{D48E08B3-3732-4978-A698-24BF8590A3A8}.Debug|x86.Build.0 = Debug|Win32
		{D48E08B3-3732-4978-A698-24BF8590A3A8}.Release|Any CPU.ActiveCfg = Release|Win32
		{D48E08B3-3732-4978-A698-24BF8590A3A8}.Release|x64.ActiveCfg = Release|x64
		{D48E08B3-3732-4978-A698-24BF8590A3A8}.Release|x64.Build.0 = Release|x64
		{D48E08B3-3732-4978-A698-24BF8590A3A8}.Release|x86.ActiveCfg = Release|Win32
		{D48E08B3-3732-4978-A698-24BF8590A3A8}.Release|x86.Build.0 = Release|Win32
		{B627153F-C90B-4F87-930C-7F3F89CFCFBA}.Debug|Any CPU.ActiveCfg = Debug|Win32
		{B627153F-C90B-4F87-930C-7F3F89CFCFBA}.Debug|x64.ActiveCfg = Debug|x64
		{B627153F-C90B-4F87-930C-7F3F89CFCFBA}.Debug|x64.Build.0 = Debug|x64
		{B627153F-C90B-4F87-930C-7F3F89CFCFBA}.Debug|x86.ActiveCfg = Debug|Win32
		{B627153F-C90B-4F87-930C-7F3F89CFCFBA}.Debug|x86.Build.0 = Debug|Win32
		{B627153F-C90B-4F87-930C-7F3F89CFCFBA}.Release|Any CPU.ActiveCfg = Release|Win32
		{B627153F-C90B-4F87-930C-7F3F89CFCFBA}.Release|x64.ActiveCfg = Release|x64
		{B627153F-C90B-4F87-930C-7F3F89CFCFBA}.Release|x64.Build.0 = Release|x64
		{B627153F-C90B-4F87-930C-7F3F89CFCFBA}.Release|x86.ActiveCfg = Release|Win32
		{B627153F-C90B-4F87-930C-7F3F89CFCFBA}.Release|x86.Build.0 = Release|Win32
	EndGlobalSection
	GlobalSection(SolutionProperties) = preSolution
		HideSolutionNode = FALSE
	EndGlobalSection
EndGlobal
