
Microsoft Visual Studio Solution File, Format Version 12.00
# Visual Studio 15
VisualStudioVersion = 15.0.25807.0
MinimumVisualStudioVersion = 10.0.40219.1
Project("{8BC9CEB8-8B4A-11D0-8D11-00A0C91BC942}") = "Duff and Meat", "Duff and Meat\Duff and Meat.vcxproj", "{65E3842F-9B10-410C-AC64-3C0DE4448BBC}"
EndProject
Project("{8BC9CEB8-8B4A-11D0-8D11-00A0C91BC942}") = "Duff in Love", "Duff in Love\Duff in Love.vcxproj", "{3AEAD2F5-00C7-4966-8BB3-CB3B35EDD055}"
EndProject
Project("{8BC9CEB8-8B4A-11D0-8D11-00A0C91BC942}") = "Duff and Weight Lifting", "Duff and Weight Lifting\Duff and Weight Lifting.vcxproj", "{E08AEDB0-10BC-44D4-8673-649F0EFA6C19}"
EndProject
Project("{FAE04EC0-301F-11D3-BF4B-00C04F79EFBC}") = "Duff in Beach", "Duff in Beach\Duff in Beach.csproj", "{5AFD1333-BCE6-453E-B5CC-2CE156D6103F}"
EndProject
Project("{8BC9CEB8-8B4A-11D0-8D11-00A0C91BC942}") = "Duff in the Army", "Duff in the Army\Duff in the Army.vcxproj", "{D6CF7E6C-DC06-4EDA-B8C0-C51BD1F52D14}"
EndProject
Project("{8BC9CEB8-8B4A-11D0-8D11-00A0C91BC942}") = "Duff in Mafia", "Duff in Mafia\Duff in Mafia.vcxproj", "{D0E7B1DF-3AF0-415E-8E14-F3230B6906F8}"
EndProject
Project("{FAE04EC0-301F-11D3-BF4B-00C04F79EFBC}") = "Duff as a Queen", "Duff as a Queen\Duff as a Queen.csproj", "{F69D546A-A7DE-4DF6-AFE3-BDF6984753E6}"
EndProject
Global
	GlobalSection(SolutionConfigurationPlatforms) = preSolution
		Debug|Any CPU = Debug|Any CPU
		Debug|x64 = Debug|x64
		Debug|x86 = Debug|x86
		Release|Any CPU = Release|Any CPU
		Release|x64 = Release|x64
		Release|x86 = Release|x86
	EndGlobalSection
	GlobalSection(ProjectConfigurationPlatforms) = postSolution
		{65E3842F-9B10-410C-AC64-3C0DE4448BBC}.Debug|Any CPU.ActiveCfg = Debug|Win32
		{65E3842F-9B10-410C-AC64-3C0DE4448BBC}.Debug|x64.ActiveCfg = Debug|x64
		{65E3842F-9B10-410C-AC64-3C0DE4448BBC}.Debug|x64.Build.0 = Debug|x64
		{65E3842F-9B10-410C-AC64-3C0DE4448BBC}.Debug|x86.ActiveCfg = Debug|Win32
		{65E3842F-9B10-410C-AC64-3C0DE4448BBC}.Debug|x86.Build.0 = Debug|Win32
		{65E3842F-9B10-410C-AC64-3C0DE4448BBC}.Release|Any CPU.ActiveCfg = Release|Win32
		{65E3842F-9B10-410C-AC64-3C0DE4448BBC}.Release|x64.ActiveCfg = Release|x64
		{65E3842F-9B10-410C-AC64-3C0DE4448BBC}.Release|x64.Build.0 = Release|x64
		{65E3842F-9B10-410C-AC64-3C0DE4448BBC}.Release|x86.ActiveCfg = Release|Win32
		{65E3842F-9B10-410C-AC64-3C0DE4448BBC}.Release|x86.Build.0 = Release|Win32
		{3AEAD2F5-00C7-4966-8BB3-CB3B35EDD055}.Debug|Any CPU.ActiveCfg = Debug|Win32
		{3AEAD2F5-00C7-4966-8BB3-CB3B35EDD055}.Debug|x64.ActiveCfg = Debug|x64
		{3AEAD2F5-00C7-4966-8BB3-CB3B35EDD055}.Debug|x64.Build.0 = Debug|x64
		{3AEAD2F5-00C7-4966-8BB3-CB3B35EDD055}.Debug|x86.ActiveCfg = Debug|Win32
		{3AEAD2F5-00C7-4966-8BB3-CB3B35EDD055}.Debug|x86.Build.0 = Debug|Win32
		{3AEAD2F5-00C7-4966-8BB3-CB3B35EDD055}.Release|Any CPU.ActiveCfg = Release|Win32
		{3AEAD2F5-00C7-4966-8BB3-CB3B35EDD055}.Release|x64.ActiveCfg = Release|x64
		{3AEAD2F5-00C7-4966-8BB3-CB3B35EDD055}.Release|x64.Build.0 = Release|x64
		{3AEAD2F5-00C7-4966-8BB3-CB3B35EDD055}.Release|x86.ActiveCfg = Release|Win32
		{3AEAD2F5-00C7-4966-8BB3-CB3B35EDD055}.Release|x86.Build.0 = Release|Win32
		{E08AEDB0-10BC-44D4-8673-649F0EFA6C19}.Debug|Any CPU.ActiveCfg = Debug|Win32
		{E08AEDB0-10BC-44D4-8673-649F0EFA6C19}.Debug|x64.ActiveCfg = Debug|x64
		{E08AEDB0-10BC-44D4-8673-649F0EFA6C19}.Debug|x64.Build.0 = Debug|x64
		{E08AEDB0-10BC-44D4-8673-649F0EFA6C19}.Debug|x86.ActiveCfg = Debug|Win32
		{E08AEDB0-10BC-44D4-8673-649F0EFA6C19}.Debug|x86.Build.0 = Debug|Win32
		{E08AEDB0-10BC-44D4-8673-649F0EFA6C19}.Release|Any CPU.ActiveCfg = Release|Win32
		{E08AEDB0-10BC-44D4-8673-649F0EFA6C19}.Release|x64.ActiveCfg = Release|x64
		{E08AEDB0-10BC-44D4-8673-649F0EFA6C19}.Release|x64.Build.0 = Release|x64
		{E08AEDB0-10BC-44D4-8673-649F0EFA6C19}.Release|x86.ActiveCfg = Release|Win32
		{E08AEDB0-10BC-44D4-8673-649F0EFA6C19}.Release|x86.Build.0 = Release|Win32
		{5AFD1333-BCE6-453E-B5CC-2CE156D6103F}.Debug|Any CPU.ActiveCfg = Debug|Any CPU
		{5AFD1333-BCE6-453E-B5CC-2CE156D6103F}.Debug|Any CPU.Build.0 = Debug|Any CPU
		{5AFD1333-BCE6-453E-B5CC-2CE156D6103F}.Debug|x64.ActiveCfg = Debug|Any CPU
		{5AFD1333-BCE6-453E-B5CC-2CE156D6103F}.Debug|x64.Build.0 = Debug|Any CPU
		{5AFD1333-BCE6-453E-B5CC-2CE156D6103F}.Debug|x86.ActiveCfg = Debug|Any CPU
		{5AFD1333-BCE6-453E-B5CC-2CE156D6103F}.Debug|x86.Build.0 = Debug|Any CPU
		{5AFD1333-BCE6-453E-B5CC-2CE156D6103F}.Release|Any CPU.ActiveCfg = Release|Any CPU
		{5AFD1333-BCE6-453E-B5CC-2CE156D6103F}.Release|Any CPU.Build.0 = Release|Any CPU
		{5AFD1333-BCE6-453E-B5CC-2CE156D6103F}.Release|x64.ActiveCfg = Release|Any CPU
		{5AFD1333-BCE6-453E-B5CC-2CE156D6103F}.Release|x64.Build.0 = Release|Any CPU
		{5AFD1333-BCE6-453E-B5CC-2CE156D6103F}.Release|x86.ActiveCfg = Release|Any CPU
		{5AFD1333-BCE6-453E-B5CC-2CE156D6103F}.Release|x86.Build.0 = Release|Any CPU
		{D6CF7E6C-DC06-4EDA-B8C0-C51BD1F52D14}.Debug|Any CPU.ActiveCfg = Debug|Win32
		{D6CF7E6C-DC06-4EDA-B8C0-C51BD1F52D14}.Debug|x64.ActiveCfg = Debug|x64
		{D6CF7E6C-DC06-4EDA-B8C0-C51BD1F52D14}.Debug|x64.Build.0 = Debug|x64
		{D6CF7E6C-DC06-4EDA-B8C0-C51BD1F52D14}.Debug|x86.ActiveCfg = Debug|Win32
		{D6CF7E6C-DC06-4EDA-B8C0-C51BD1F52D14}.Debug|x86.Build.0 = Debug|Win32
		{D6CF7E6C-DC06-4EDA-B8C0-C51BD1F52D14}.Release|Any CPU.ActiveCfg = Release|Win32
		{D6CF7E6C-DC06-4EDA-B8C0-C51BD1F52D14}.Release|x64.ActiveCfg = Release|x64
		{D6CF7E6C-DC06-4EDA-B8C0-C51BD1F52D14}.Release|x64.Build.0 = Release|x64
		{D6CF7E6C-DC06-4EDA-B8C0-C51BD1F52D14}.Release|x86.ActiveCfg = Release|Win32
		{D6CF7E6C-DC06-4EDA-B8C0-C51BD1F52D14}.Release|x86.Build.0 = Release|Win32
		{D0E7B1DF-3AF0-415E-8E14-F3230B6906F8}.Debug|Any CPU.ActiveCfg = Debug|Win32
		{D0E7B1DF-3AF0-415E-8E14-F3230B6906F8}.Debug|x64.ActiveCfg = Debug|x64
		{D0E7B1DF-3AF0-415E-8E14-F3230B6906F8}.Debug|x64.Build.0 = Debug|x64
		{D0E7B1DF-3AF0-415E-8E14-F3230B6906F8}.Debug|x86.ActiveCfg = Debug|Win32
		{D0E7B1DF-3AF0-415E-8E14-F3230B6906F8}.Debug|x86.Build.0 = Debug|Win32
		{D0E7B1DF-3AF0-415E-8E14-F3230B6906F8}.Release|Any CPU.ActiveCfg = Release|Win32
		{D0E7B1DF-3AF0-415E-8E14-F3230B6906F8}.Release|x64.ActiveCfg = Release|x64
		{D0E7B1DF-3AF0-415E-8E14-F3230B6906F8}.Release|x64.Build.0 = Release|x64
		{D0E7B1DF-3AF0-415E-8E14-F3230B6906F8}.Release|x86.ActiveCfg = Release|Win32
		{D0E7B1DF-3AF0-415E-8E14-F3230B6906F8}.Release|x86.Build.0 = Release|Win32
		{F69D546A-A7DE-4DF6-AFE3-BDF6984753E6}.Debug|Any CPU.ActiveCfg = Debug|Any CPU
		{F69D546A-A7DE-4DF6-AFE3-BDF6984753E6}.Debug|Any CPU.Build.0 = Debug|Any CPU
		{F69D546A-A7DE-4DF6-AFE3-BDF6984753E6}.Debug|x64.ActiveCfg = Debug|Any CPU
		{F69D546A-A7DE-4DF6-AFE3-BDF6984753E6}.Debug|x64.Build.0 = Debug|Any CPU
		{F69D546A-A7DE-4DF6-AFE3-BDF6984753E6}.Debug|x86.ActiveCfg = Debug|Any CPU
		{F69D546A-A7DE-4DF6-AFE3-BDF6984753E6}.Debug|x86.Build.0 = Debug|Any CPU
		{F69D546A-A7DE-4DF6-AFE3-BDF6984753E6}.Release|Any CPU.ActiveCfg = Release|Any CPU
		{F69D546A-A7DE-4DF6-AFE3-BDF6984753E6}.Release|Any CPU.Build.0 = Release|Any CPU
		{F69D546A-A7DE-4DF6-AFE3-BDF6984753E6}.Release|x64.ActiveCfg = Release|Any CPU
		{F69D546A-A7DE-4DF6-AFE3-BDF6984753E6}.Release|x64.Build.0 = Release|Any CPU
		{F69D546A-A7DE-4DF6-AFE3-BDF6984753E6}.Release|x86.ActiveCfg = Release|Any CPU
		{F69D546A-A7DE-4DF6-AFE3-BDF6984753E6}.Release|x86.Build.0 = Release|Any CPU
	EndGlobalSection
	GlobalSection(SolutionProperties) = preSolution
		HideSolutionNode = FALSE
	EndGlobalSection
EndGlobal
