
Microsoft Visual Studio Solution File, Format Version 12.00
# Visual Studio 14
VisualStudioVersion = 14.0.23107.0
MinimumVisualStudioVersion = 10.0.40219.1
Project("{FAE04EC0-301F-11D3-BF4B-00C04F79EFBC}") = "Vasya the Hipster", "Vasya the Hipster\Vasya the Hipster.csproj", "{8FF849AF-AED0-4E93-9E29-357512E3C9D1}"
EndProject
Project("{FAE04EC0-301F-11D3-BF4B-00C04F79EFBC}") = "Luxurious Houses", "Luxurious Houses\Luxurious Houses.csproj", "{1B74FAD1-A0CA-4634-B73A-7E3007925419}"
EndProject
Global
	GlobalSection(SolutionConfigurationPlatforms) = preSolution
		Debug|Any CPU = Debug|Any CPU
		Release|Any CPU = Release|Any CPU
	EndGlobalSection
	GlobalSection(ProjectConfigurationPlatforms) = postSolution
		{8FF849AF-AED0-4E93-9E29-357512E3C9D1}.Debug|Any CPU.ActiveCfg = Debug|Any CPU
		{8FF849AF-AED0-4E93-9E29-357512E3C9D1}.Debug|Any CPU.Build.0 = Debug|Any CPU
		{8FF849AF-AED0-4E93-9E29-357512E3C9D1}.Release|Any CPU.ActiveCfg = Release|Any CPU
		{8FF849AF-AED0-4E93-9E29-357512E3C9D1}.Release|Any CPU.Build.0 = Release|Any CPU
		{1B74FAD1-A0CA-4634-B73A-7E3007925419}.Debug|Any CPU.ActiveCfg = Debug|Any CPU
		{1B74FAD1-A0CA-4634-B73A-7E3007925419}.Debug|Any CPU.Build.0 = Debug|Any CPU
		{1B74FAD1-A0CA-4634-B73A-7E3007925419}.Release|Any CPU.ActiveCfg = Release|Any CPU
		{1B74FAD1-A0CA-4634-B73A-7E3007925419}.Release|Any CPU.Build.0 = Release|Any CPU
	EndGlobalSection
	GlobalSection(SolutionProperties) = preSolution
		HideSolutionNode = FALSE
	EndGlobalSection
EndGlobal
