Microsoft Visual Studio Solution File, Format Version 12.00
# Visual Studio 15
VisualStudioVersion = 15.0.25807.0
MinimumVisualStudioVersion = 10.0.40219.1
Project("{FAE04EC0-301F-11D3-BF4B-00C04F79EFBC}") = "Vasya the Hipster", "Vasya the Hipster\Vasya the Hipster.csproj", "{8FF849AF-AED0-4E93-9E29-357512E3C9D1}"
EndProject
Project("{FAE04EC0-301F-11D3-BF4B-00C04F79EFBC}") = "Luxurious Houses", "Luxurious Houses\Luxurious Houses.csproj", "{1B74FAD1-A0CA-4634-B73A-7E3007925419}"
EndProject
Project("{8BC9CEB8-8B4A-11D0-8D11-00A0C91BC942}") = "Three Logos", "Three Logos\Three Logos.vcxproj", "{A54DB84A-2387-4AE5-A489-C86C66BFF5E7}"
EndProject
Project("{8BC9CEB8-8B4A-11D0-8D11-00A0C91BC942}") = "Developing Skills", "Developing Skills\Developing Skills.vcxproj", "{F401CBE7-57CD-4CFD-B4EB-51ACE9109777}"
EndProject
Project("{8BC9CEB8-8B4A-11D0-8D11-00A0C91BC942}") = "Zublicanes and Mumocrates", "Zublicanes and Mumocrates\Zublicanes and Mumocrates.vcxproj", "{2C1C6499-3C23-4612-8EF5-E9C3E891AB16}"
EndProject
Project("{8BC9CEB8-8B4A-11D0-8D11-00A0C91BC942}") = "Kojiro and Furrari", "Kojiro and Furrari\Kojiro and Furrari.vcxproj", "{90ED9E9E-CC9C-4A8C-896A-D5854427FA91}"
EndProject
Global
	GlobalSection(SolutionConfigurationPlatforms) = preSolution
		Debug|Any CPU = Debug|Any CPU
		Debug|x64 = Debug|x64
		Debug|x86 = Debug|x86
		Release|Any CPU = Release|Any CPU
		Release|x64 = Release|x64
		Release|x86 = Release|x86
	EndGlobalSection
	GlobalSection(ProjectConfigurationPlatforms) = postSolution
		{8FF849AF-AED0-4E93-9E29-357512E3C9D1}.Debug|Any CPU.ActiveCfg = Debug|Any CPU
		{8FF849AF-AED0-4E93-9E29-357512E3C9D1}.Debug|Any CPU.Build.0 = Debug|Any CPU
		{8FF849AF-AED0-4E93-9E29-357512E3C9D1}.Debug|x64.ActiveCfg = Debug|Any CPU
		{8FF849AF-AED0-4E93-9E29-357512E3C9D1}.Debug|x64.Build.0 = Debug|Any CPU
		{8FF849AF-AED0-4E93-9E29-357512E3C9D1}.Debug|x86.ActiveCfg = Debug|Any CPU
		{8FF849AF-AED0-4E93-9E29-357512E3C9D1}.Debug|x86.Build.0 = Debug|Any CPU
		{8FF849AF-AED0-4E93-9E29-357512E3C9D1}.Release|Any CPU.ActiveCfg = Release|Any CPU
		{8FF849AF-AED0-4E93-9E29-357512E3C9D1}.Release|Any CPU.Build.0 = Release|Any CPU
		{8FF849AF-AED0-4E93-9E29-357512E3C9D1}.Release|x64.ActiveCfg = Release|Any CPU
		{8FF849AF-AED0-4E93-9E29-357512E3C9D1}.Release|x64.Build.0 = Release|Any CPU
		{8FF849AF-AED0-4E93-9E29-357512E3C9D1}.Release|x86.ActiveCfg = Release|Any CPU
		{8FF849AF-AED0-4E93-9E29-357512E3C9D1}.Release|x86.Build.0 = Release|Any CPU
		{1B74FAD1-A0CA-4634-B73A-7E3007925419}.Debug|Any CPU.ActiveCfg = Debug|Any CPU
		{1B74FAD1-A0CA-4634-B73A-7E3007925419}.Debug|Any CPU.Build.0 = Debug|Any CPU
		{1B74FAD1-A0CA-4634-B73A-7E3007925419}.Debug|x64.ActiveCfg = Debug|Any CPU
		{1B74FAD1-A0CA-4634-B73A-7E3007925419}.Debug|x64.Build.0 = Debug|Any CPU
		{1B74FAD1-A0CA-4634-B73A-7E3007925419}.Debug|x86.ActiveCfg = Debug|Any CPU
		{1B74FAD1-A0CA-4634-B73A-7E3007925419}.Debug|x86.Build.0 = Debug|Any CPU
		{1B74FAD1-A0CA-4634-B73A-7E3007925419}.Release|Any CPU.ActiveCfg = Release|Any CPU
		{1B74FAD1-A0CA-4634-B73A-7E3007925419}.Release|Any CPU.Build.0 = Release|Any CPU
		{1B74FAD1-A0CA-4634-B73A-7E3007925419}.Release|x64.ActiveCfg = Release|Any CPU
		{1B74FAD1-A0CA-4634-B73A-7E3007925419}.Release|x64.Build.0 = Release|Any CPU
		{1B74FAD1-A0CA-4634-B73A-7E3007925419}.Release|x86.ActiveCfg = Release|Any CPU
		{1B74FAD1-A0CA-4634-B73A-7E3007925419}.Release|x86.Build.0 = Release|Any CPU
		{A54DB84A-2387-4AE5-A489-C86C66BFF5E7}.Debug|Any CPU.ActiveCfg = Debug|Win32
		{A54DB84A-2387-4AE5-A489-C86C66BFF5E7}.Debug|x64.ActiveCfg = Debug|x64
		{A54DB84A-2387-4AE5-A489-C86C66BFF5E7}.Debug|x64.Build.0 = Debug|x64
		{A54DB84A-2387-4AE5-A489-C86C66BFF5E7}.Debug|x86.ActiveCfg = Debug|Win32
		{A54DB84A-2387-4AE5-A489-C86C66BFF5E7}.Debug|x86.Build.0 = Debug|Win32
		{A54DB84A-2387-4AE5-A489-C86C66BFF5E7}.Release|Any CPU.ActiveCfg = Release|Win32
		{A54DB84A-2387-4AE5-A489-C86C66BFF5E7}.Release|x64.ActiveCfg = Release|x64
		{A54DB84A-2387-4AE5-A489-C86C66BFF5E7}.Release|x64.Build.0 = Release|x64
		{A54DB84A-2387-4AE5-A489-C86C66BFF5E7}.Release|x86.ActiveCfg = Release|Win32
		{A54DB84A-2387-4AE5-A489-C86C66BFF5E7}.Release|x86.Build.0 = Release|Win32
		{F401CBE7-57CD-4CFD-B4EB-51ACE9109777}.Debug|Any CPU.ActiveCfg = Debug|Win32
		{F401CBE7-57CD-4CFD-B4EB-51ACE9109777}.Debug|x64.ActiveCfg = Debug|x64
		{F401CBE7-57CD-4CFD-B4EB-51ACE9109777}.Debug|x64.Build.0 = Debug|x64
		{F401CBE7-57CD-4CFD-B4EB-51ACE9109777}.Debug|x86.ActiveCfg = Debug|Win32
		{F401CBE7-57CD-4CFD-B4EB-51ACE9109777}.Debug|x86.Build.0 = Debug|Win32
		{F401CBE7-57CD-4CFD-B4EB-51ACE9109777}.Release|Any CPU.ActiveCfg = Release|Win32
		{F401CBE7-57CD-4CFD-B4EB-51ACE9109777}.Release|x64.ActiveCfg = Release|x64
		{F401CBE7-57CD-4CFD-B4EB-51ACE9109777}.Release|x64.Build.0 = Release|x64
		{F401CBE7-57CD-4CFD-B4EB-51ACE9109777}.Release|x86.ActiveCfg = Release|Win32
		{F401CBE7-57CD-4CFD-B4EB-51ACE9109777}.Release|x86.Build.0 = Release|Win32
		{2C1C6499-3C23-4612-8EF5-E9C3E891AB16}.Debug|Any CPU.ActiveCfg = Debug|Win32
		{2C1C6499-3C23-4612-8EF5-E9C3E891AB16}.Debug|x64.ActiveCfg = Debug|x64
		{2C1C6499-3C23-4612-8EF5-E9C3E891AB16}.Debug|x64.Build.0 = Debug|x64
		{2C1C6499-3C23-4612-8EF5-E9C3E891AB16}.Debug|x86.ActiveCfg = Debug|Win32
		{2C1C6499-3C23-4612-8EF5-E9C3E891AB16}.Debug|x86.Build.0 = Debug|Win32
		{2C1C6499-3C23-4612-8EF5-E9C3E891AB16}.Release|Any CPU.ActiveCfg = Release|Win32
		{2C1C6499-3C23-4612-8EF5-E9C3E891AB16}.Release|x64.ActiveCfg = Release|x64
		{2C1C6499-3C23-4612-8EF5-E9C3E891AB16}.Release|x64.Build.0 = Release|x64
		{2C1C6499-3C23-4612-8EF5-E9C3E891AB16}.Release|x86.ActiveCfg = Release|Win32
		{2C1C6499-3C23-4612-8EF5-E9C3E891AB16}.Release|x86.Build.0 = Release|Win32
		{90ED9E9E-CC9C-4A8C-896A-D5854427FA91}.Debug|Any CPU.ActiveCfg = Debug|Win32
		{90ED9E9E-CC9C-4A8C-896A-D5854427FA91}.Debug|x64.ActiveCfg = Debug|x64
		{90ED9E9E-CC9C-4A8C-896A-D5854427FA91}.Debug|x64.Build.0 = Debug|x64
		{90ED9E9E-CC9C-4A8C-896A-D5854427FA91}.Debug|x86.ActiveCfg = Debug|Win32
		{90ED9E9E-CC9C-4A8C-896A-D5854427FA91}.Debug|x86.Build.0 = Debug|Win32
		{90ED9E9E-CC9C-4A8C-896A-D5854427FA91}.Release|Any CPU.ActiveCfg = Release|Win32
		{90ED9E9E-CC9C-4A8C-896A-D5854427FA91}.Release|x64.ActiveCfg = Release|x64
		{90ED9E9E-CC9C-4A8C-896A-D5854427FA91}.Release|x64.Build.0 = Release|x64
		{90ED9E9E-CC9C-4A8C-896A-D5854427FA91}.Release|x86.ActiveCfg = Release|Win32
		{90ED9E9E-CC9C-4A8C-896A-D5854427FA91}.Release|x86.Build.0 = Release|Win32
	EndGlobalSection
	GlobalSection(SolutionProperties) = preSolution
		HideSolutionNode = FALSE
	EndGlobalSection
EndGlobal
