
Microsoft Visual Studio Solution File, Format Version 12.00
# Visual Studio 14
VisualStudioVersion = 14.0.23107.0
MinimumVisualStudioVersion = 10.0.40219.1
Project("{FAE04EC0-301F-11D3-BF4B-00C04F79EFBC}") = "A. Lineland Mail", "A. Lineland Mail\A. Lineland Mail.csproj", "{F811FF6B-2EA1-432B-AC7E-4DC83BF1B25D}"
EndProject
Project("{FAE04EC0-301F-11D3-BF4B-00C04F79EFBC}") = "B. Berland National Library", "B. Berland National Library\B. Berland National Library.csproj", "{D54F0C39-1A11-498D-8545-0BA0479CA765}"
EndProject
Project("{FAE04EC0-301F-11D3-BF4B-00C04F79EFBC}") = "C. Geometric Progression", "C. Geometric Progression\C. Geometric Progression.csproj", "{1532503D-DE96-4648-84F6-7710568C2F18}"
EndProject
Project("{FAE04EC0-301F-11D3-BF4B-00C04F79EFBC}") = "D. One-Dimensional Battle Ships", "D. One-Dimensional Battle Ships\D. One-Dimensional Battle Ships.csproj", "{46C4B384-F77D-4556-BB45-DD3849B7CAFF}"
EndProject
Global
	GlobalSection(SolutionConfigurationPlatforms) = preSolution
		Debug|Any CPU = Debug|Any CPU
		Release|Any CPU = Release|Any CPU
	EndGlobalSection
	GlobalSection(ProjectConfigurationPlatforms) = postSolution
		{F811FF6B-2EA1-432B-AC7E-4DC83BF1B25D}.Debug|Any CPU.ActiveCfg = Debug|Any CPU
		{F811FF6B-2EA1-432B-AC7E-4DC83BF1B25D}.Debug|Any CPU.Build.0 = Debug|Any CPU
		{F811FF6B-2EA1-432B-AC7E-4DC83BF1B25D}.Release|Any CPU.ActiveCfg = Release|Any CPU
		{F811FF6B-2EA1-432B-AC7E-4DC83BF1B25D}.Release|Any CPU.Build.0 = Release|Any CPU
		{D54F0C39-1A11-498D-8545-0BA0479CA765}.Debug|Any CPU.ActiveCfg = Debug|Any CPU
		{D54F0C39-1A11-498D-8545-0BA0479CA765}.Debug|Any CPU.Build.0 = Debug|Any CPU
		{D54F0C39-1A11-498D-8545-0BA0479CA765}.Release|Any CPU.ActiveCfg = Release|Any CPU
		{D54F0C39-1A11-498D-8545-0BA0479CA765}.Release|Any CPU.Build.0 = Release|Any CPU
		{1532503D-DE96-4648-84F6-7710568C2F18}.Debug|Any CPU.ActiveCfg = Debug|Any CPU
		{1532503D-DE96-4648-84F6-7710568C2F18}.Debug|Any CPU.Build.0 = Debug|Any CPU
		{1532503D-DE96-4648-84F6-7710568C2F18}.Release|Any CPU.ActiveCfg = Release|Any CPU
		{1532503D-DE96-4648-84F6-7710568C2F18}.Release|Any CPU.Build.0 = Release|Any CPU
		{46C4B384-F77D-4556-BB45-DD3849B7CAFF}.Debug|Any CPU.ActiveCfg = Debug|Any CPU
		{46C4B384-F77D-4556-BB45-DD3849B7CAFF}.Debug|Any CPU.Build.0 = Debug|Any CPU
		{46C4B384-F77D-4556-BB45-DD3849B7CAFF}.Release|Any CPU.ActiveCfg = Release|Any CPU
		{46C4B384-F77D-4556-BB45-DD3849B7CAFF}.Release|Any CPU.Build.0 = Release|Any CPU
	EndGlobalSection
	GlobalSection(SolutionProperties) = preSolution
		HideSolutionNode = FALSE
	EndGlobalSection
EndGlobal
