
Microsoft Visual Studio Solution File, Format Version 12.00
# Visual Studio 14
VisualStudioVersion = 14.0.23107.0
MinimumVisualStudioVersion = 10.0.40219.1
Project("{FAE04EC0-301F-11D3-BF4B-00C04F79EFBC}") = "Arrays", "Arrays\Arrays.csproj", "{8023E6E0-D899-49E0-8E55-31EEF3D2382E}"
EndProject
Project("{FAE04EC0-301F-11D3-BF4B-00C04F79EFBC}") = "Order Book", "Order Book\Order Book.csproj", "{F62A5712-CEF2-4FA4-BCC8-C515C3E6D9DB}"
EndProject
Project("{FAE04EC0-301F-11D3-BF4B-00C04F79EFBC}") = "Lengthening Sticks", "Lengthening Sticks\Lengthening Sticks.csproj", "{7D779B1B-C281-4307-9C19-CA0BCF898202}"
EndProject
Project("{FAE04EC0-301F-11D3-BF4B-00C04F79EFBC}") = "Minimization", "Minimization\Minimization.csproj", "{51E970BB-6518-4E9B-8CA0-F4B34820B214}"
EndProject
Project("{8BC9CEB8-8B4A-11D0-8D11-00A0C91BC942}") = "CNF", "CNF\CNF.vcxproj", "{0F50AD1C-6B2E-4CCB-A994-A7B66ACE97E3}"
EndProject
Global
	GlobalSection(SolutionConfigurationPlatforms) = preSolution
		Debug|Any CPU = Debug|Any CPU
		Debug|x64 = Debug|x64
		Debug|x86 = Debug|x86
		Release|Any CPU = Release|Any CPU
		Release|x64 = Release|x64
		Release|x86 = Release|x86
	EndGlobalSection
	GlobalSection(ProjectConfigurationPlatforms) = postSolution
		{8023E6E0-D899-49E0-8E55-31EEF3D2382E}.Debug|Any CPU.ActiveCfg = Debug|Any CPU
		{8023E6E0-D899-49E0-8E55-31EEF3D2382E}.Debug|Any CPU.Build.0 = Debug|Any CPU
		{8023E6E0-D899-49E0-8E55-31EEF3D2382E}.Debug|x64.ActiveCfg = Debug|Any CPU
		{8023E6E0-D899-49E0-8E55-31EEF3D2382E}.Debug|x64.Build.0 = Debug|Any CPU
		{8023E6E0-D899-49E0-8E55-31EEF3D2382E}.Debug|x86.ActiveCfg = Debug|Any CPU
		{8023E6E0-D899-49E0-8E55-31EEF3D2382E}.Debug|x86.Build.0 = Debug|Any CPU
		{8023E6E0-D899-49E0-8E55-31EEF3D2382E}.Release|Any CPU.ActiveCfg = Release|Any CPU
		{8023E6E0-D899-49E0-8E55-31EEF3D2382E}.Release|Any CPU.Build.0 = Release|Any CPU
		{8023E6E0-D899-49E0-8E55-31EEF3D2382E}.Release|x64.ActiveCfg = Release|Any CPU
		{8023E6E0-D899-49E0-8E55-31EEF3D2382E}.Release|x64.Build.0 = Release|Any CPU
		{8023E6E0-D899-49E0-8E55-31EEF3D2382E}.Release|x86.ActiveCfg = Release|Any CPU
		{8023E6E0-D899-49E0-8E55-31EEF3D2382E}.Release|x86.Build.0 = Release|Any CPU
		{F62A5712-CEF2-4FA4-BCC8-C515C3E6D9DB}.Debug|Any CPU.ActiveCfg = Debug|Any CPU
		{F62A5712-CEF2-4FA4-BCC8-C515C3E6D9DB}.Debug|Any CPU.Build.0 = Debug|Any CPU
		{F62A5712-CEF2-4FA4-BCC8-C515C3E6D9DB}.Debug|x64.ActiveCfg = Debug|Any CPU
		{F62A5712-CEF2-4FA4-BCC8-C515C3E6D9DB}.Debug|x64.Build.0 = Debug|Any CPU
		{F62A5712-CEF2-4FA4-BCC8-C515C3E6D9DB}.Debug|x86.ActiveCfg = Debug|Any CPU
		{F62A5712-CEF2-4FA4-BCC8-C515C3E6D9DB}.Debug|x86.Build.0 = Debug|Any CPU
		{F62A5712-CEF2-4FA4-BCC8-C515C3E6D9DB}.Release|Any CPU.ActiveCfg = Release|Any CPU
		{F62A5712-CEF2-4FA4-BCC8-C515C3E6D9DB}.Release|Any CPU.Build.0 = Release|Any CPU
		{F62A5712-CEF2-4FA4-BCC8-C515C3E6D9DB}.Release|x64.ActiveCfg = Release|Any CPU
		{F62A5712-CEF2-4FA4-BCC8-C515C3E6D9DB}.Release|x64.Build.0 = Release|Any CPU
		{F62A5712-CEF2-4FA4-BCC8-C515C3E6D9DB}.Release|x86.ActiveCfg = Release|Any CPU
		{F62A5712-CEF2-4FA4-BCC8-C515C3E6D9DB}.Release|x86.Build.0 = Release|Any CPU
		{7D779B1B-C281-4307-9C19-CA0BCF898202}.Debug|Any CPU.ActiveCfg = Debug|Any CPU
		{7D779B1B-C281-4307-9C19-CA0BCF898202}.Debug|Any CPU.Build.0 = Debug|Any CPU
		{7D779B1B-C281-4307-9C19-CA0BCF898202}.Debug|x64.ActiveCfg = Debug|Any CPU
		{7D779B1B-C281-4307-9C19-CA0BCF898202}.Debug|x64.Build.0 = Debug|Any CPU
		{7D779B1B-C281-4307-9C19-CA0BCF898202}.Debug|x86.ActiveCfg = Debug|Any CPU
		{7D779B1B-C281-4307-9C19-CA0BCF898202}.Debug|x86.Build.0 = Debug|Any CPU
		{7D779B1B-C281-4307-9C19-CA0BCF898202}.Release|Any CPU.ActiveCfg = Release|Any CPU
		{7D779B1B-C281-4307-9C19-CA0BCF898202}.Release|Any CPU.Build.0 = Release|Any CPU
		{7D779B1B-C281-4307-9C19-CA0BCF898202}.Release|x64.ActiveCfg = Release|Any CPU
		{7D779B1B-C281-4307-9C19-CA0BCF898202}.Release|x64.Build.0 = Release|Any CPU
		{7D779B1B-C281-4307-9C19-CA0BCF898202}.Release|x86.ActiveCfg = Release|Any CPU
		{7D779B1B-C281-4307-9C19-CA0BCF898202}.Release|x86.Build.0 = Release|Any CPU
		{51E970BB-6518-4E9B-8CA0-F4B34820B214}.Debug|Any CPU.ActiveCfg = Debug|Any CPU
		{51E970BB-6518-4E9B-8CA0-F4B34820B214}.Debug|Any CPU.Build.0 = Debug|Any CPU
		{51E970BB-6518-4E9B-8CA0-F4B34820B214}.Debug|x64.ActiveCfg = Debug|Any CPU
		{51E970BB-6518-4E9B-8CA0-F4B34820B214}.Debug|x64.Build.0 = Debug|Any CPU
		{51E970BB-6518-4E9B-8CA0-F4B34820B214}.Debug|x86.ActiveCfg = Debug|Any CPU
		{51E970BB-6518-4E9B-8CA0-F4B34820B214}.Debug|x86.Build.0 = Debug|Any CPU
		{51E970BB-6518-4E9B-8CA0-F4B34820B214}.Release|Any CPU.ActiveCfg = Release|Any CPU
		{51E970BB-6518-4E9B-8CA0-F4B34820B214}.Release|Any CPU.Build.0 = Release|Any CPU
		{51E970BB-6518-4E9B-8CA0-F4B34820B214}.Release|x64.ActiveCfg = Release|Any CPU
		{51E970BB-6518-4E9B-8CA0-F4B34820B214}.Release|x64.Build.0 = Release|Any CPU
		{51E970BB-6518-4E9B-8CA0-F4B34820B214}.Release|x86.ActiveCfg = Release|Any CPU
		{51E970BB-6518-4E9B-8CA0-F4B34820B214}.Release|x86.Build.0 = Release|Any CPU
		{0F50AD1C-6B2E-4CCB-A994-A7B66ACE97E3}.Debug|Any CPU.ActiveCfg = Debug|Win32
		{0F50AD1C-6B2E-4CCB-A994-A7B66ACE97E3}.Debug|x64.ActiveCfg = Debug|x64
		{0F50AD1C-6B2E-4CCB-A994-A7B66ACE97E3}.Debug|x64.Build.0 = Debug|x64
		{0F50AD1C-6B2E-4CCB-A994-A7B66ACE97E3}.Debug|x86.ActiveCfg = Debug|Win32
		{0F50AD1C-6B2E-4CCB-A994-A7B66ACE97E3}.Debug|x86.Build.0 = Debug|Win32
		{0F50AD1C-6B2E-4CCB-A994-A7B66ACE97E3}.Release|Any CPU.ActiveCfg = Release|Win32
		{0F50AD1C-6B2E-4CCB-A994-A7B66ACE97E3}.Release|x64.ActiveCfg = Release|x64
		{0F50AD1C-6B2E-4CCB-A994-A7B66ACE97E3}.Release|x64.Build.0 = Release|x64
		{0F50AD1C-6B2E-4CCB-A994-A7B66ACE97E3}.Release|x86.ActiveCfg = Release|Win32
		{0F50AD1C-6B2E-4CCB-A994-A7B66ACE97E3}.Release|x86.Build.0 = Release|Win32
	EndGlobalSection
	GlobalSection(SolutionProperties) = preSolution
		HideSolutionNode = FALSE
	EndGlobalSection
EndGlobal
