
Microsoft Visual Studio Solution File, Format Version 12.00
# Visual Studio 14
VisualStudioVersion = 14.0.23107.0
MinimumVisualStudioVersion = 10.0.40219.1
Project("{FAE04EC0-301F-11D3-BF4B-00C04F79EFBC}") = "Lineland Mail", "Lineland Mail\Lineland Mail.csproj", "{F811FF6B-2EA1-432B-AC7E-4DC83BF1B25D}"
EndProject
Project("{FAE04EC0-301F-11D3-BF4B-00C04F79EFBC}") = "Berland National Library", "Berland National Library\Berland National Library.csproj", "{D54F0C39-1A11-498D-8545-0BA0479CA765}"
EndProject
Project("{FAE04EC0-301F-11D3-BF4B-00C04F79EFBC}") = "Geometric Progression", "Geometric Progression\Geometric Progression.csproj", "{1532503D-DE96-4648-84F6-7710568C2F18}"
EndProject
Project("{8BC9CEB8-8B4A-11D0-8D11-00A0C91BC942}") = "One-Dimensional Battle Ships", "One-Dimensional Battle Ships\One-Dimensional Battle Ships.vcxproj", "{9BA059EC-9B45-415E-B27B-DD4D0EE0625F}"
EndProject
Project("{FAE04EC0-301F-11D3-BF4B-00C04F79EFBC}") = "President and Roads", "President and Roads\President and Roads.csproj", "{79972681-0A31-444E-AD70-99A7FCE1041F}"
EndProject
Project("{FAE04EC0-301F-11D3-BF4B-00C04F79EFBC}") = "Mausoleum", "Mausoleum\Mausoleum.csproj", "{D12C6FC8-4FE0-4E1E-A052-6FBF16460A5A}"
EndProject
Global
	GlobalSection(SolutionConfigurationPlatforms) = preSolution
		Debug|Any CPU = Debug|Any CPU
		Debug|x64 = Debug|x64
		Debug|x86 = Debug|x86
		Release|Any CPU = Release|Any CPU
		Release|x64 = Release|x64
		Release|x86 = Release|x86
	EndGlobalSection
	GlobalSection(ProjectConfigurationPlatforms) = postSolution
		{F811FF6B-2EA1-432B-AC7E-4DC83BF1B25D}.Debug|Any CPU.ActiveCfg = Debug|Any CPU
		{F811FF6B-2EA1-432B-AC7E-4DC83BF1B25D}.Debug|Any CPU.Build.0 = Debug|Any CPU
		{F811FF6B-2EA1-432B-AC7E-4DC83BF1B25D}.Debug|x64.ActiveCfg = Debug|Any CPU
		{F811FF6B-2EA1-432B-AC7E-4DC83BF1B25D}.Debug|x64.Build.0 = Debug|Any CPU
		{F811FF6B-2EA1-432B-AC7E-4DC83BF1B25D}.Debug|x86.ActiveCfg = Debug|Any CPU
		{F811FF6B-2EA1-432B-AC7E-4DC83BF1B25D}.Debug|x86.Build.0 = Debug|Any CPU
		{F811FF6B-2EA1-432B-AC7E-4DC83BF1B25D}.Release|Any CPU.ActiveCfg = Release|Any CPU
		{F811FF6B-2EA1-432B-AC7E-4DC83BF1B25D}.Release|Any CPU.Build.0 = Release|Any CPU
		{F811FF6B-2EA1-432B-AC7E-4DC83BF1B25D}.Release|x64.ActiveCfg = Release|Any CPU
		{F811FF6B-2EA1-432B-AC7E-4DC83BF1B25D}.Release|x64.Build.0 = Release|Any CPU
		{F811FF6B-2EA1-432B-AC7E-4DC83BF1B25D}.Release|x86.ActiveCfg = Release|Any CPU
		{F811FF6B-2EA1-432B-AC7E-4DC83BF1B25D}.Release|x86.Build.0 = Release|Any CPU
		{D54F0C39-1A11-498D-8545-0BA0479CA765}.Debug|Any CPU.ActiveCfg = Debug|Any CPU
		{D54F0C39-1A11-498D-8545-0BA0479CA765}.Debug|Any CPU.Build.0 = Debug|Any CPU
		{D54F0C39-1A11-498D-8545-0BA0479CA765}.Debug|x64.ActiveCfg = Debug|Any CPU
		{D54F0C39-1A11-498D-8545-0BA0479CA765}.Debug|x64.Build.0 = Debug|Any CPU
		{D54F0C39-1A11-498D-8545-0BA0479CA765}.Debug|x86.ActiveCfg = Debug|Any CPU
		{D54F0C39-1A11-498D-8545-0BA0479CA765}.Debug|x86.Build.0 = Debug|Any CPU
		{D54F0C39-1A11-498D-8545-0BA0479CA765}.Release|Any CPU.ActiveCfg = Release|Any CPU
		{D54F0C39-1A11-498D-8545-0BA0479CA765}.Release|Any CPU.Build.0 = Release|Any CPU
		{D54F0C39-1A11-498D-8545-0BA0479CA765}.Release|x64.ActiveCfg = Release|Any CPU
		{D54F0C39-1A11-498D-8545-0BA0479CA765}.Release|x64.Build.0 = Release|Any CPU
		{D54F0C39-1A11-498D-8545-0BA0479CA765}.Release|x86.ActiveCfg = Release|Any CPU
		{D54F0C39-1A11-498D-8545-0BA0479CA765}.Release|x86.Build.0 = Release|Any CPU
		{1532503D-DE96-4648-84F6-7710568C2F18}.Debug|Any CPU.ActiveCfg = Debug|Any CPU
		{1532503D-DE96-4648-84F6-7710568C2F18}.Debug|Any CPU.Build.0 = Debug|Any CPU
		{1532503D-DE96-4648-84F6-7710568C2F18}.Debug|x64.ActiveCfg = Debug|Any CPU
		{1532503D-DE96-4648-84F6-7710568C2F18}.Debug|x64.Build.0 = Debug|Any CPU
		{1532503D-DE96-4648-84F6-7710568C2F18}.Debug|x86.ActiveCfg = Debug|Any CPU
		{1532503D-DE96-4648-84F6-7710568C2F18}.Debug|x86.Build.0 = Debug|Any CPU
		{1532503D-DE96-4648-84F6-7710568C2F18}.Release|Any CPU.ActiveCfg = Release|Any CPU
		{1532503D-DE96-4648-84F6-7710568C2F18}.Release|Any CPU.Build.0 = Release|Any CPU
		{1532503D-DE96-4648-84F6-7710568C2F18}.Release|x64.ActiveCfg = Release|Any CPU
		{1532503D-DE96-4648-84F6-7710568C2F18}.Release|x64.Build.0 = Release|Any CPU
		{1532503D-DE96-4648-84F6-7710568C2F18}.Release|x86.ActiveCfg = Release|Any CPU
		{1532503D-DE96-4648-84F6-7710568C2F18}.Release|x86.Build.0 = Release|Any CPU
		{9BA059EC-9B45-415E-B27B-DD4D0EE0625F}.Debug|Any CPU.ActiveCfg = Debug|Win32
		{9BA059EC-9B45-415E-B27B-DD4D0EE0625F}.Debug|x64.ActiveCfg = Debug|x64
		{9BA059EC-9B45-415E-B27B-DD4D0EE0625F}.Debug|x64.Build.0 = Debug|x64
		{9BA059EC-9B45-415E-B27B-DD4D0EE0625F}.Debug|x86.ActiveCfg = Debug|Win32
		{9BA059EC-9B45-415E-B27B-DD4D0EE0625F}.Debug|x86.Build.0 = Debug|Win32
		{9BA059EC-9B45-415E-B27B-DD4D0EE0625F}.Release|Any CPU.ActiveCfg = Release|Win32
		{9BA059EC-9B45-415E-B27B-DD4D0EE0625F}.Release|x64.ActiveCfg = Release|x64
		{9BA059EC-9B45-415E-B27B-DD4D0EE0625F}.Release|x64.Build.0 = Release|x64
		{9BA059EC-9B45-415E-B27B-DD4D0EE0625F}.Release|x86.ActiveCfg = Release|Win32
		{9BA059EC-9B45-415E-B27B-DD4D0EE0625F}.Release|x86.Build.0 = Release|Win32
		{79972681-0A31-444E-AD70-99A7FCE1041F}.Debug|Any CPU.ActiveCfg = Debug|Any CPU
		{79972681-0A31-444E-AD70-99A7FCE1041F}.Debug|Any CPU.Build.0 = Debug|Any CPU
		{79972681-0A31-444E-AD70-99A7FCE1041F}.Debug|x64.ActiveCfg = Debug|Any CPU
		{79972681-0A31-444E-AD70-99A7FCE1041F}.Debug|x64.Build.0 = Debug|Any CPU
		{79972681-0A31-444E-AD70-99A7FCE1041F}.Debug|x86.ActiveCfg = Debug|Any CPU
		{79972681-0A31-444E-AD70-99A7FCE1041F}.Debug|x86.Build.0 = Debug|Any CPU
		{79972681-0A31-444E-AD70-99A7FCE1041F}.Release|Any CPU.ActiveCfg = Release|Any CPU
		{79972681-0A31-444E-AD70-99A7FCE1041F}.Release|Any CPU.Build.0 = Release|Any CPU
		{79972681-0A31-444E-AD70-99A7FCE1041F}.Release|x64.ActiveCfg = Release|Any CPU
		{79972681-0A31-444E-AD70-99A7FCE1041F}.Release|x64.Build.0 = Release|Any CPU
		{79972681-0A31-444E-AD70-99A7FCE1041F}.Release|x86.ActiveCfg = Release|Any CPU
		{79972681-0A31-444E-AD70-99A7FCE1041F}.Release|x86.Build.0 = Release|Any CPU
		{D12C6FC8-4FE0-4E1E-A052-6FBF16460A5A}.Debug|Any CPU.ActiveCfg = Debug|Any CPU
		{D12C6FC8-4FE0-4E1E-A052-6FBF16460A5A}.Debug|Any CPU.Build.0 = Debug|Any CPU
		{D12C6FC8-4FE0-4E1E-A052-6FBF16460A5A}.Debug|x64.ActiveCfg = Debug|Any CPU
		{D12C6FC8-4FE0-4E1E-A052-6FBF16460A5A}.Debug|x64.Build.0 = Debug|Any CPU
		{D12C6FC8-4FE0-4E1E-A052-6FBF16460A5A}.Debug|x86.ActiveCfg = Debug|Any CPU
		{D12C6FC8-4FE0-4E1E-A052-6FBF16460A5A}.Debug|x86.Build.0 = Debug|Any CPU
		{D12C6FC8-4FE0-4E1E-A052-6FBF16460A5A}.Release|Any CPU.ActiveCfg = Release|Any CPU
		{D12C6FC8-4FE0-4E1E-A052-6FBF16460A5A}.Release|Any CPU.Build.0 = Release|Any CPU
		{D12C6FC8-4FE0-4E1E-A052-6FBF16460A5A}.Release|x64.ActiveCfg = Release|Any CPU
		{D12C6FC8-4FE0-4E1E-A052-6FBF16460A5A}.Release|x64.Build.0 = Release|Any CPU
		{D12C6FC8-4FE0-4E1E-A052-6FBF16460A5A}.Release|x86.ActiveCfg = Release|Any CPU
		{D12C6FC8-4FE0-4E1E-A052-6FBF16460A5A}.Release|x86.Build.0 = Release|Any CPU
	EndGlobalSection
	GlobalSection(SolutionProperties) = preSolution
		HideSolutionNode = FALSE
	EndGlobalSection
EndGlobal
