
Microsoft Visual Studio Solution File, Format Version 12.00
# Visual Studio 14
VisualStudioVersion = 14.0.23107.0
MinimumVisualStudioVersion = 10.0.40219.1
Project("{FAE04EC0-301F-11D3-BF4B-00C04F79EFBC}") = "Kefa and First Steps", "Kefa and First Steps\Kefa and First Steps.csproj", "{A18FAA56-C838-48E5-A2C6-B1ADC28E64EB}"
EndProject
Project("{FAE04EC0-301F-11D3-BF4B-00C04F79EFBC}") = "Kefa and Company", "Kefa and Company\Kefa and Company.csproj", "{168CEFE1-E30B-44A3-82B2-88FF53705FD0}"
EndProject
Project("{FAE04EC0-301F-11D3-BF4B-00C04F79EFBC}") = "Kefa and Dishes", "Kefa and Dishes\Kefa and Dishes.csproj", "{0FC40C34-EB40-4FAB-AC82-968D5BA8A991}"
EndProject
Project("{FAE04EC0-301F-11D3-BF4B-00C04F79EFBC}") = "Kefa and Park", "Kefa and Park\Kefa and Park.csproj", "{FF1E0263-8940-412A-8DD5-A868CFFB193C}"
EndProject
Project("{8BC9CEB8-8B4A-11D0-8D11-00A0C91BC942}") = "Kefa and Watch", "Kefa and Watch\Kefa and Watch.vcxproj", "{D6CF550F-C2CB-4BC0-A543-EDD59EAA74D7}"
EndProject
Global
	GlobalSection(SolutionConfigurationPlatforms) = preSolution
		Debug|Any CPU = Debug|Any CPU
		Debug|x64 = Debug|x64
		Debug|x86 = Debug|x86
		Release|Any CPU = Release|Any CPU
		Release|x64 = Release|x64
		Release|x86 = Release|x86
	EndGlobalSection
	GlobalSection(ProjectConfigurationPlatforms) = postSolution
		{A18FAA56-C838-48E5-A2C6-B1ADC28E64EB}.Debug|Any CPU.ActiveCfg = Debug|Any CPU
		{A18FAA56-C838-48E5-A2C6-B1ADC28E64EB}.Debug|Any CPU.Build.0 = Debug|Any CPU
		{A18FAA56-C838-48E5-A2C6-B1ADC28E64EB}.Debug|x64.ActiveCfg = Debug|Any CPU
		{A18FAA56-C838-48E5-A2C6-B1ADC28E64EB}.Debug|x64.Build.0 = Debug|Any CPU
		{A18FAA56-C838-48E5-A2C6-B1ADC28E64EB}.Debug|x86.ActiveCfg = Debug|Any CPU
		{A18FAA56-C838-48E5-A2C6-B1ADC28E64EB}.Debug|x86.Build.0 = Debug|Any CPU
		{A18FAA56-C838-48E5-A2C6-B1ADC28E64EB}.Release|Any CPU.ActiveCfg = Release|Any CPU
		{A18FAA56-C838-48E5-A2C6-B1ADC28E64EB}.Release|Any CPU.Build.0 = Release|Any CPU
		{A18FAA56-C838-48E5-A2C6-B1ADC28E64EB}.Release|x64.ActiveCfg = Release|Any CPU
		{A18FAA56-C838-48E5-A2C6-B1ADC28E64EB}.Release|x64.Build.0 = Release|Any CPU
		{A18FAA56-C838-48E5-A2C6-B1ADC28E64EB}.Release|x86.ActiveCfg = Release|Any CPU
		{A18FAA56-C838-48E5-A2C6-B1ADC28E64EB}.Release|x86.Build.0 = Release|Any CPU
		{168CEFE1-E30B-44A3-82B2-88FF53705FD0}.Debug|Any CPU.ActiveCfg = Debug|Any CPU
		{168CEFE1-E30B-44A3-82B2-88FF53705FD0}.Debug|Any CPU.Build.0 = Debug|Any CPU
		{168CEFE1-E30B-44A3-82B2-88FF53705FD0}.Debug|x64.ActiveCfg = Debug|Any CPU
		{168CEFE1-E30B-44A3-82B2-88FF53705FD0}.Debug|x64.Build.0 = Debug|Any CPU
		{168CEFE1-E30B-44A3-82B2-88FF53705FD0}.Debug|x86.ActiveCfg = Debug|Any CPU
		{168CEFE1-E30B-44A3-82B2-88FF53705FD0}.Debug|x86.Build.0 = Debug|Any CPU
		{168CEFE1-E30B-44A3-82B2-88FF53705FD0}.Release|Any CPU.ActiveCfg = Release|Any CPU
		{168CEFE1-E30B-44A3-82B2-88FF53705FD0}.Release|Any CPU.Build.0 = Release|Any CPU
		{168CEFE1-E30B-44A3-82B2-88FF53705FD0}.Release|x64.ActiveCfg = Release|Any CPU
		{168CEFE1-E30B-44A3-82B2-88FF53705FD0}.Release|x64.Build.0 = Release|Any CPU
		{168CEFE1-E30B-44A3-82B2-88FF53705FD0}.Release|x86.ActiveCfg = Release|Any CPU
		{168CEFE1-E30B-44A3-82B2-88FF53705FD0}.Release|x86.Build.0 = Release|Any CPU
		{0FC40C34-EB40-4FAB-AC82-968D5BA8A991}.Debug|Any CPU.ActiveCfg = Debug|Any CPU
		{0FC40C34-EB40-4FAB-AC82-968D5BA8A991}.Debug|Any CPU.Build.0 = Debug|Any CPU
		{0FC40C34-EB40-4FAB-AC82-968D5BA8A991}.Debug|x64.ActiveCfg = Debug|Any CPU
		{0FC40C34-EB40-4FAB-AC82-968D5BA8A991}.Debug|x64.Build.0 = Debug|Any CPU
		{0FC40C34-EB40-4FAB-AC82-968D5BA8A991}.Debug|x86.ActiveCfg = Debug|Any CPU
		{0FC40C34-EB40-4FAB-AC82-968D5BA8A991}.Debug|x86.Build.0 = Debug|Any CPU
		{0FC40C34-EB40-4FAB-AC82-968D5BA8A991}.Release|Any CPU.ActiveCfg = Release|Any CPU
		{0FC40C34-EB40-4FAB-AC82-968D5BA8A991}.Release|Any CPU.Build.0 = Release|Any CPU
		{0FC40C34-EB40-4FAB-AC82-968D5BA8A991}.Release|x64.ActiveCfg = Release|Any CPU
		{0FC40C34-EB40-4FAB-AC82-968D5BA8A991}.Release|x64.Build.0 = Release|Any CPU
		{0FC40C34-EB40-4FAB-AC82-968D5BA8A991}.Release|x86.ActiveCfg = Release|Any CPU
		{0FC40C34-EB40-4FAB-AC82-968D5BA8A991}.Release|x86.Build.0 = Release|Any CPU
		{FF1E0263-8940-412A-8DD5-A868CFFB193C}.Debug|Any CPU.ActiveCfg = Debug|Any CPU
		{FF1E0263-8940-412A-8DD5-A868CFFB193C}.Debug|Any CPU.Build.0 = Debug|Any CPU
		{FF1E0263-8940-412A-8DD5-A868CFFB193C}.Debug|x64.ActiveCfg = Debug|Any CPU
		{FF1E0263-8940-412A-8DD5-A868CFFB193C}.Debug|x64.Build.0 = Debug|Any CPU
		{FF1E0263-8940-412A-8DD5-A868CFFB193C}.Debug|x86.ActiveCfg = Debug|Any CPU
		{FF1E0263-8940-412A-8DD5-A868CFFB193C}.Debug|x86.Build.0 = Debug|Any CPU
		{FF1E0263-8940-412A-8DD5-A868CFFB193C}.Release|Any CPU.ActiveCfg = Release|Any CPU
		{FF1E0263-8940-412A-8DD5-A868CFFB193C}.Release|Any CPU.Build.0 = Release|Any CPU
		{FF1E0263-8940-412A-8DD5-A868CFFB193C}.Release|x64.ActiveCfg = Release|Any CPU
		{FF1E0263-8940-412A-8DD5-A868CFFB193C}.Release|x64.Build.0 = Release|Any CPU
		{FF1E0263-8940-412A-8DD5-A868CFFB193C}.Release|x86.ActiveCfg = Release|Any CPU
		{FF1E0263-8940-412A-8DD5-A868CFFB193C}.Release|x86.Build.0 = Release|Any CPU
		{D6CF550F-C2CB-4BC0-A543-EDD59EAA74D7}.Debug|Any CPU.ActiveCfg = Debug|Win32
		{D6CF550F-C2CB-4BC0-A543-EDD59EAA74D7}.Debug|x64.ActiveCfg = Debug|x64
		{D6CF550F-C2CB-4BC0-A543-EDD59EAA74D7}.Debug|x64.Build.0 = Debug|x64
		{D6CF550F-C2CB-4BC0-A543-EDD59EAA74D7}.Debug|x86.ActiveCfg = Debug|Win32
		{D6CF550F-C2CB-4BC0-A543-EDD59EAA74D7}.Debug|x86.Build.0 = Debug|Win32
		{D6CF550F-C2CB-4BC0-A543-EDD59EAA74D7}.Release|Any CPU.ActiveCfg = Release|Win32
		{D6CF550F-C2CB-4BC0-A543-EDD59EAA74D7}.Release|x64.ActiveCfg = Release|x64
		{D6CF550F-C2CB-4BC0-A543-EDD59EAA74D7}.Release|x64.Build.0 = Release|x64
		{D6CF550F-C2CB-4BC0-A543-EDD59EAA74D7}.Release|x86.ActiveCfg = Release|Win32
		{D6CF550F-C2CB-4BC0-A543-EDD59EAA74D7}.Release|x86.Build.0 = Release|Win32
	EndGlobalSection
	GlobalSection(SolutionProperties) = preSolution
		HideSolutionNode = FALSE
	EndGlobalSection
EndGlobal
